
Microsoft Visual Studio Solution File, Format Version 12.00
# Visual Studio Version 16
VisualStudioVersion = 16.0.32510.428
MinimumVisualStudioVersion = 10.0.40219.1
Project("{FAE04EC0-301F-11D3-BF4B-00C04F79EFBC}") = "WpfNaverMovieFinder", "WpfNaverMovieFinder\WpfNaverMovieFinder.csproj", "{B76DA4D7-1168-4C32-8709-4ED5CA79AFA9}"
EndProject
Project("{FAE04EC0-301F-11D3-BF4B-00C04F79EFBC}") = "WPFNaverNewsSearch", "WPFNaverNewsSearch\WPFNaverNewsSearch.csproj", "{94FBD86A-C743-47B9-8C02-A8F58618DD93}"
EndProject
Project("{FAE04EC0-301F-11D3-BF4B-00C04F79EFBC}") = "WpfMoogaBox", "WpfMoogaBox\WpfMoogaBox.csproj", "{53C9C859-8946-402C-A62A-E9AEFA19D971}"
EndProject
Project("{2150E333-8FDC-42A3-9474-1A3956D46DE8}") = "SmartHome", "SmartHome", "{59779693-BD7C-4D90-BCD3-49D9C09D7600}"
EndProject
Project("{FAE04EC0-301F-11D3-BF4B-00C04F79EFBC}") = "DummyDataApp", "DummyDataApp\DummyDataApp.csproj", "{56F46B53-8903-4868-A997-CE5A57385189}"
EndProject
Global
	GlobalSection(SolutionConfigurationPlatforms) = preSolution
		Debug|Any CPU = Debug|Any CPU
		Release|Any CPU = Release|Any CPU
	EndGlobalSection
	GlobalSection(ProjectConfigurationPlatforms) = postSolution
		{B76DA4D7-1168-4C32-8709-4ED5CA79AFA9}.Debug|Any CPU.ActiveCfg = Debug|Any CPU
		{B76DA4D7-1168-4C32-8709-4ED5CA79AFA9}.Debug|Any CPU.Build.0 = Debug|Any CPU
		{B76DA4D7-1168-4C32-8709-4ED5CA79AFA9}.Release|Any CPU.ActiveCfg = Release|Any CPU
		{B76DA4D7-1168-4C32-8709-4ED5CA79AFA9}.Release|Any CPU.Build.0 = Release|Any CPU
		{94FBD86A-C743-47B9-8C02-A8F58618DD93}.Debug|Any CPU.ActiveCfg = Debug|Any CPU
		{94FBD86A-C743-47B9-8C02-A8F58618DD93}.Debug|Any CPU.Build.0 = Debug|Any CPU
		{94FBD86A-C743-47B9-8C02-A8F58618DD93}.Release|Any CPU.ActiveCfg = Release|Any CPU
		{94FBD86A-C743-47B9-8C02-A8F58618DD93}.Release|Any CPU.Build.0 = Release|Any CPU
		{53C9C859-8946-402C-A62A-E9AEFA19D971}.Debug|Any CPU.ActiveCfg = Debug|Any CPU
		{53C9C859-8946-402C-A62A-E9AEFA19D971}.Debug|Any CPU.Build.0 = Debug|Any CPU
		{53C9C859-8946-402C-A62A-E9AEFA19D971}.Release|Any CPU.ActiveCfg = Release|Any CPU
		{53C9C859-8946-402C-A62A-E9AEFA19D971}.Release|Any CPU.Build.0 = Release|Any CPU
		{56F46B53-8903-4868-A997-CE5A57385189}.Debug|Any CPU.ActiveCfg = Debug|Any CPU
		{56F46B53-8903-4868-A997-CE5A57385189}.Debug|Any CPU.Build.0 = Debug|Any CPU
		{56F46B53-8903-4868-A997-CE5A57385189}.Release|Any CPU.ActiveCfg = Release|Any CPU
		{56F46B53-8903-4868-A997-CE5A57385189}.Release|Any CPU.Build.0 = Release|Any CPU
	EndGlobalSection
	GlobalSection(SolutionProperties) = preSolution
		HideSolutionNode = FALSE
	EndGlobalSection
	GlobalSection(NestedProjects) = preSolution
		{56F46B53-8903-4868-A997-CE5A57385189} = {59779693-BD7C-4D90-BCD3-49D9C09D7600}
	EndGlobalSection
	GlobalSection(ExtensibilityGlobals) = postSolution
		SolutionGuid = {FCF21BEA-FBB5-4705-8573-398B0F553983}
	EndGlobalSection
EndGlobal
